# THIS IS AN AUTOGENERATED FILE. DO NOT EDIT THIS FILE DIRECTLY.
# yarn lockfile v1


esm-to-cjs@^1.2.1:
  version "1.2.1"
  resolved "https://registry.yarnpkg.com/esm-to-cjs/-/esm-to-cjs-1.2.1.tgz#4f5a0c347ab73e9330131c4a5d34172386d1c41f"
  integrity sha512-5zzepH0eV7F3LOz+p3Hn8iTaszfqVu9ueGcLltcuCz2kNe7Dbu9p2hePzi3xN+0S/m/d0WCC1IjIEP2UoHbmuQ==
